
Microsoft Visual Studio Solution File, Format Version 12.00
# Visual Studio Version 17
VisualStudioVersion = 17.5.33530.505
MinimumVisualStudioVersion = 10.0.40219.1
Project("{FAE04EC0-301F-11D3-BF4B-00C04F79EFBC}") = "Elon", "Elon.csproj", "{B1C3EC64-404F-41AD-B26D-CF9F27C0F0A7}"
EndProject
Global
	GlobalSection(SolutionConfigurationPlatforms) = preSolution
		Debug|Any CPU = Debug|Any CPU
		Release|Any CPU = Release|Any CPU
	EndGlobalSection
	GlobalSection(ProjectConfigurationPlatforms) = postSolution
		{B1C3EC64-404F-41AD-B26D-CF9F27C0F0A7}.Debug|Any CPU.ActiveCfg = Debug|Any CPU
		{B1C3EC64-404F-41AD-B26D-CF9F27C0F0A7}.Debug|Any CPU.Build.0 = Debug|Any CPU
		{B1C3EC64-404F-41AD-B26D-CF9F27C0F0A7}.Release|Any CPU.ActiveCfg = Release|Any CPU
		{B1C3EC64-404F-41AD-B26D-CF9F27C0F0A7}.Release|Any CPU.Build.0 = Release|Any CPU
	EndGlobalSection
	GlobalSection(SolutionProperties) = preSolution
		HideSolutionNode = FALSE
	EndGlobalSection
	GlobalSection(ExtensibilityGlobals) = postSolution
		SolutionGuid = {06697A04-912F-494E-BC88-C523651F9C32}
	EndGlobalSection
EndGlobal
